
Microsoft Visual Studio Solution File, Format Version 12.00
# Visual Studio 15
VisualStudioVersion = 15.0.26730.12
MinimumVisualStudioVersion = 10.0.40219.1
Project("{9A19103F-16F7-4668-BE54-9A1E7A4F7556}") = "GenericProtocol", "GenericProtocol\GenericProtocol.csproj", "{C6D68B1B-95EC-4216-A23E-3A7F5F5A145D}"
EndProject
Project("{FAE04EC0-301F-11D3-BF4B-00C04F79EFBC}") = "GenericProtocolTest", "GenericProtocolTest\GenericProtocolTest.csproj", "{C7CB0EA9-D686-436B-8DCF-27A2A2E523AA}"
EndProject
Global
	GlobalSection(SolutionConfigurationPlatforms) = preSolution
		Debug|Any CPU = Debug|Any CPU
		Release|Any CPU = Release|Any CPU
	EndGlobalSection
	GlobalSection(ProjectConfigurationPlatforms) = postSolution
		{C6D68B1B-95EC-4216-A23E-3A7F5F5A145D}.Debug|Any CPU.ActiveCfg = Debug|Any CPU
		{C6D68B1B-95EC-4216-A23E-3A7F5F5A145D}.Debug|Any CPU.Build.0 = Debug|Any CPU
		{C6D68B1B-95EC-4216-A23E-3A7F5F5A145D}.Release|Any CPU.ActiveCfg = Release|Any CPU
		{C6D68B1B-95EC-4216-A23E-3A7F5F5A145D}.Release|Any CPU.Build.0 = Release|Any CPU
		{C7CB0EA9-D686-436B-8DCF-27A2A2E523AA}.Debug|Any CPU.ActiveCfg = Debug|Any CPU
		{C7CB0EA9-D686-436B-8DCF-27A2A2E523AA}.Debug|Any CPU.Build.0 = Debug|Any CPU
		{C7CB0EA9-D686-436B-8DCF-27A2A2E523AA}.Release|Any CPU.ActiveCfg = Release|Any CPU
		{C7CB0EA9-D686-436B-8DCF-27A2A2E523AA}.Release|Any CPU.Build.0 = Release|Any CPU
	EndGlobalSection
	GlobalSection(SolutionProperties) = preSolution
		HideSolutionNode = FALSE
	EndGlobalSection
	GlobalSection(ExtensibilityGlobals) = postSolution
		SolutionGuid = {862E9D1A-47AB-4F35-999F-5B10A7ECEB21}
	EndGlobalSection
EndGlobal
